// !$*UTF8*$!
{
	archiveVersion = 1;
	classes = {
	};
	objectVersion = 50;
	objects = {

/* Begin PBXBuildFile section */
		55B287FA23FC32C000803855 /* PageControlViewController.swift in Sources */ = {isa = PBXBuildFile; fileRef = 55B287F923FC32C000803855 /* PageControlViewController.swift */; };
		55B287FC23FC5ECC00803855 /* PickerViewController.swift in Sources */ = {isa = PBXBuildFile; fileRef = 55B287FB23FC5ECC00803855 /* PickerViewController.swift */; };
		55B287FE23FC614100803855 /* DatePickerViewController.swift in Sources */ = {isa = PBXBuildFile; fileRef = 55B287FD23FC614100803855 /* DatePickerViewController.swift */; };
		55F432EA23FB3A2E00078FF6 /* AppDelegate.swift in Sources */ = {isa = PBXBuildFile; fileRef = 55F432E923FB3A2E00078FF6 /* AppDelegate.swift */; };
		55F432EC23FB3A2E00078FF6 /* SceneDelegate.swift in Sources */ = {isa = PBXBuildFile; fileRef = 55F432EB23FB3A2E00078FF6 /* SceneDelegate.swift */; };
		55F432EE23FB3A2E00078FF6 /* SliderViewController.swift in Sources */ = {isa = PBXBuildFile; fileRef = 55F432ED23FB3A2E00078FF6 /* SliderViewController.swift */; };
		55F432F123FB3A2E00078FF6 /* Main.storyboard in Resources */ = {isa = PBXBuildFile; fileRef = 55F432EF23FB3A2E00078FF6 /* Main.storyboard */; };
		55F432F323FB3A3000078FF6 /* Assets.xcassets in Resources */ = {isa = PBXBuildFile; fileRef = 55F432F223FB3A3000078FF6 /* Assets.xcassets */; };
		55F432F623FB3A3000078FF6 /* LaunchScreen.storyboard in Resources */ = {isa = PBXBuildFile; fileRef = 55F432F423FB3A3000078FF6 /* LaunchScreen.storyboard */; };
		55F432FF23FB511B00078FF6 /* SwitchViewController.swift in Sources */ = {isa = PBXBuildFile; fileRef = 55F432FE23FB511B00078FF6 /* SwitchViewController.swift */; };
		55F4330123FB53D400078FF6 /* SegmentedControlViewController.swift in Sources */ = {isa = PBXBuildFile; fileRef = 55F4330023FB53D400078FF6 /* SegmentedControlViewController.swift */; };
/* End PBXBuildFile section */

/* Begin PBXFileReference section */
		55B287F923FC32C000803855 /* PageControlViewController.swift */ = {isa = PBXFileReference; lastKnownFileType = sourcecode.swift; path = PageControlViewController.swift; sourceTree = "<group>"; };
		55B287FB23FC5ECC00803855 /* PickerViewController.swift */ = {isa = PBXFileReference; lastKnownFileType = sourcecode.swift; path = PickerViewController.swift; sourceTree = "<group>"; };
		55B287FD23FC614100803855 /* DatePickerViewController.swift */ = {isa = PBXFileReference; lastKnownFileType = sourcecode.swift; path = DatePickerViewController.swift; sourceTree = "<group>"; };
		55F432E623FB3A2E00078FF6 /* UIApplications.app */ = {isa = PBXFileReference; explicitFileType = wrapper.application; includeInIndex = 0; path = UIApplications.app; sourceTree = BUILT_PRODUCTS_DIR; };
		55F432E923FB3A2E00078FF6 /* AppDelegate.swift */ = {isa = PBXFileReference; lastKnownFileType = sourcecode.swift; path = AppDelegate.swift; sourceTree = "<group>"; };
		55F432EB23FB3A2E00078FF6 /* SceneDelegate.swift */ = {isa = PBXFileReference; lastKnownFileType = sourcecode.swift; path = SceneDelegate.swift; sourceTree = "<group>"; };
		55F432ED23FB3A2E00078FF6 /* SliderViewController.swift */ = {isa = PBXFileReference; lastKnownFileType = sourcecode.swift; path = SliderViewController.swift; sourceTree = "<group>"; };
		55F432F023FB3A2E00078FF6 /* Base */ = {isa = PBXFileReference; lastKnownFileType = file.storyboard; name = Base; path = Base.lproj/Main.storyboard; sourceTree = "<group>"; };
		55F432F223FB3A3000078FF6 /* Assets.xcassets */ = {isa = PBXFileReference; lastKnownFileType = folder.assetcatalog; path = Assets.xcassets; sourceTree = "<group>"; };
		55F432F523FB3A3000078FF6 /* Base */ = {isa = PBXFileReference; lastKnownFileType = file.storyboard; name = Base; path = Base.lproj/LaunchScreen.storyboard; sourceTree = "<group>"; };
		55F432F723FB3A3000078FF6 /* Info.plist */ = {isa = PBXFileReference; lastKnownFileType = text.plist.xml; path = Info.plist; sourceTree = "<group>"; };
		55F432FE23FB511B00078FF6 /* SwitchViewController.swift */ = {isa = PBXFileReference; lastKnownFileType = sourcecode.swift; path = SwitchViewController.swift; sourceTree = "<group>"; };
		55F4330023FB53D400078FF6 /* SegmentedControlViewController.swift */ = {isa = PBXFileReference; lastKnownFileType = sourcecode.swift; path = SegmentedControlViewController.swift; sourceTree = "<group>"; };
/* End PBXFileReference section */

/* Begin PBXFrameworksBuildPhase section */
		55F432E323FB3A2E00078FF6 /* Frameworks */ = {
			isa = PBXFrameworksBuildPhase;
			buildActionMask = 2147483647;
			files = (
			);
			runOnlyForDeploymentPostprocessing = 0;
		};
/* End PBXFrameworksBuildPhase section */

/* Begin PBXGroup section */
		55F432DD23FB3A2E00078FF6 = {
			isa = PBXGroup;
			children = (
				55F432E823FB3A2E00078FF6 /* UIApplications */,
				55F432E723FB3A2E00078FF6 /* Products */,
			);
			sourceTree = "<group>";
		};
		55F432E723FB3A2E00078FF6 /* Products */ = {
			isa = PBXGroup;
			children = (
				55F432E623FB3A2E00078FF6 /* UIApplications.app */,
			);
			name = Products;
			sourceTree = "<group>";
		};
		55F432E823FB3A2E00078FF6 /* UIApplications */ = {
			isa = PBXGroup;
			children = (
				55F432FD23FB510300078FF6 /* Controllers */,
				55F432E923FB3A2E00078FF6 /* AppDelegate.swift */,
				55F432EB23FB3A2E00078FF6 /* SceneDelegate.swift */,
				55F432EF23FB3A2E00078FF6 /* Main.storyboard */,
				55F432F223FB3A3000078FF6 /* Assets.xcassets */,
				55F432F423FB3A3000078FF6 /* LaunchScreen.storyboard */,
				55F432F723FB3A3000078FF6 /* Info.plist */,
			);
			path = UIApplications;
			sourceTree = "<group>";
		};
		55F432FD23FB510300078FF6 /* Controllers */ = {
			isa = PBXGroup;
			children = (
				55F432ED23FB3A2E00078FF6 /* SliderViewController.swift */,
				55F432FE23FB511B00078FF6 /* SwitchViewController.swift */,
				55F4330023FB53D400078FF6 /* SegmentedControlViewController.swift */,
				55B287F923FC32C000803855 /* PageControlViewController.swift */,
				55B287FB23FC5ECC00803855 /* PickerViewController.swift */,
				55B287FD23FC614100803855 /* DatePickerViewController.swift */,
			);
			path = Controllers;
			sourceTree = "<group>";
		};
/* End PBXGroup section */

/* Begin PBXNativeTarget section */
		55F432E523FB3A2E00078FF6 /* UIApplications */ = {
			isa = PBXNativeTarget;
			buildConfigurationList = 55F432FA23FB3A3000078FF6 /* Build configuration list for PBXNativeTarget "UIApplications" */;
			buildPhases = (
				55F432E223FB3A2E00078FF6 /* Sources */,
				55F432E323FB3A2E00078FF6 /* Frameworks */,
				55F432E423FB3A2E00078FF6 /* Resources */,
			);
			buildRules = (
			);
			dependencies = (
			);
			name = UIApplications;
			productName = UIApplications;
			productReference = 55F432E623FB3A2E00078FF6 /* UIApplications.app */;
			productType = "com.apple.product-type.application";
		};
/* End PBXNativeTarget section */

/* Begin PBXProject section */
		55F432DE23FB3A2E00078FF6 /* Project object */ = {
			isa = PBXProject;
			attributes = {
				LastSwiftUpdateCheck = 1130;
				LastUpgradeCheck = 1130;
				ORGANIZATIONNAME = "Felipe Amorim Bastos";
				TargetAttributes = {
					55F432E523FB3A2E00078FF6 = {
						CreatedOnToolsVersion = 11.3.1;
					};
				};
			};
			buildConfigurationList = 55F432E123FB3A2E00078FF6 /* Build configuration list for PBXProject "UIApplications" */;
			compatibilityVersion = "Xcode 9.3";
			developmentRegion = en;
			hasScannedForEncodings = 0;
			knownRegions = (
				en,
				Base,
			);
			mainGroup = 55F432DD23FB3A2E00078FF6;
			productRefGroup = 55F432E723FB3A2E00078FF6 /* Products */;
			projectDirPath = "";
			projectRoot = "";
			targets = (
				55F432E523FB3A2E00078FF6 /* UIApplications */,
			);
		};
/* End PBXProject section */

/* Begin PBXResourcesBuildPhase section */
		55F432E423FB3A2E00078FF6 /* Resources */ = {
			isa = PBXResourcesBuildPhase;
			buildActionMask = 2147483647;
			files = (
				55F432F623FB3A3000078FF6 /* LaunchScreen.storyboard in Resources */,
				55F432F323FB3A3000078FF6 /* Assets.xcassets in Resources */,
				55F432F123FB3A2E00078FF6 /* Main.storyboard in Resources */,
			);
			runOnlyForDeploymentPostprocessing = 0;
		};
/* End PBXResourcesBuildPhase section */

/* Begin PBXSourcesBuildPhase section */
		55F432E223FB3A2E00078FF6 /* Sources */ = {
			isa = PBXSourcesBuildPhase;
			buildActionMask = 2147483647;
			files = (
				55F432EE23FB3A2E00078FF6 /* SliderViewController.swift in Sources */,
				55F432EA23FB3A2E00078FF6 /* AppDelegate.swift in Sources */,
				55F432FF23FB511B00078FF6 /* SwitchViewController.swift in Sources */,
				55B287FA23FC32C000803855 /* PageControlViewController.swift in Sources */,
				55B287FE23FC614100803855 /* DatePickerViewController.swift in Sources */,
				55F4330123FB53D400078FF6 /* SegmentedControlViewController.swift in Sources */,
				55B287FC23FC5ECC00803855 /* PickerViewController.swift in Sources */,
				55F432EC23FB3A2E00078FF6 /* SceneDelegate.swift in Sources */,
			);
			runOnlyForDeploymentPostprocessing = 0;
		};
/* End PBXSourcesBuildPhase section */

/* Begin PBXVariantGroup section */
		55F432EF23FB3A2E00078FF6 /* Main.storyboard */ = {
			isa = PBXVariantGroup;
			children = (
				55F432F023FB3A2E00078FF6 /* Base */,
			);
			name = Main.storyboard;
			sourceTree = "<group>";
		};
		55F432F423FB3A3000078FF6 /* LaunchScreen.storyboard */ = {
			isa = PBXVariantGroup;
			children = (
				55F432F523FB3A3000078FF6 /* Base */,
			);
			name = LaunchScreen.storyboard;
			sourceTree = "<group>";
		};
/* End PBXVariantGroup section */

/* Begin XCBuildConfiguration section */
		55F432F823FB3A3000078FF6 /* Debug */ = {
			isa = XCBuildConfiguration;
			buildSettings = {
				ALWAYS_SEARCH_USER_PATHS = NO;
				CLANG_ANALYZER_NONNULL = YES;
				CLANG_ANALYZER_NUMBER_OBJECT_CONVERSION = YES_AGGRESSIVE;
				CLANG_CXX_LANGUAGE_STANDARD = "gnu++14";
				CLANG_CXX_LIBRARY = "libc++";
				CLANG_ENABLE_MODULES = YES;
				CLANG_ENABLE_OBJC_ARC = YES;
				CLANG_ENABLE_OBJC_WEAK = YES;
				CLANG_WARN_BLOCK_CAPTURE_AUTORELEASING = YES;
				CLANG_WARN_BOOL_CONVERSION = YES;
				CLANG_WARN_COMMA = YES;
				CLANG_WARN_CONSTANT_CONVERSION = YES;
				CLANG_WARN_DEPRECATED_OBJC_IMPLEMENTATIONS = YES;
				CLANG_WARN_DIRECT_OBJC_ISA_USAGE = YES_ERROR;
				CLANG_WARN_DOCUMENTATION_COMMENTS = YES;
				CLANG_WARN_EMPTY_BODY = YES;
				CLANG_WARN_ENUM_CONVERSION = YES;
				CLANG_WARN_INFINITE_RECURSION = YES;
				CLANG_WARN_INT_CONVERSION = YES;
				CLANG_WARN_NON_LITERAL_NULL_CONVERSION = YES;
				CLANG_WARN_OBJC_IMPLICIT_RETAIN_SELF = YES;
				CLANG_WARN_OBJC_LITERAL_CONVERSION = YES;
				CLANG_WARN_OBJC_ROOT_CLASS = YES_ERROR;
				CLANG_WARN_RANGE_LOOP_ANALYSIS = YES;
				CLANG_WARN_STRICT_PROTOTYPES = YES;
				CLANG_WARN_SUSPICIOUS_MOVE = YES;
				CLANG_WARN_UNGUARDED_AVAILABILITY = YES_AGGRESSIVE;
				CLANG_WARN_UNREACHABLE_CODE = YES;
				CLANG_WARN__DUPLICATE_METHOD_MATCH = YES;
				COPY_PHASE_STRIP = NO;
				DEBUG_INFORMATION_FORMAT = dwarf;
				ENABLE_STRICT_OBJC_MSGSEND = YES;
				ENABLE_TESTABILITY = YES;
				GCC_C_LANGUAGE_STANDARD = gnu11;
				GCC_DYNAMIC_NO_PIC = NO;
				GCC_NO_COMMON_BLOCKS = YES;
				GCC_OPTIMIZATION_LEVEL = 0;
				GCC_PREPROCESSOR_DEFINITIONS = (
					"DEBUG=1",
					"$(inherited)",
				);
				GCC_WARN_64_TO_32_BIT_CONVERSION = YES;
				GCC_WARN_ABOUT_RETURN_TYPE = YES_ERROR;
				GCC_WARN_UNDECLARED_SELECTOR = YES;
				GCC_WARN_UNINITIALIZED_AUTOS = YES_AGGRESSIVE;
				GCC_WARN_UNUSED_FUNCTION = YES;
				GCC_WARN_UNUSED_VARIABLE = YES;
				IPHONEOS_DEPLOYMENT_TARGET = 13.2;
				MTL_ENABLE_DEBUG_INFO = INCLUDE_SOURCE;
				MTL_FAST_MATH = YES;
				ONLY_ACTIVE_ARCH = YES;
				SDKROOT = iphoneos;
				SWIFT_ACTIVE_COMPILATION_CONDITIONS = DEBUG;
				SWIFT_OPTIMIZATION_LEVEL = "-Onone";
			};
			name = Debug;
		};
		55F432F923FB3A3000078FF6 /* Release */ = {
			isa = XCBuildConfiguration;
			buildSettings = {
				ALWAYS_SEARCH_USER_PATHS = NO;
				CLANG_ANALYZER_NONNULL = YES;
				CLANG_ANALYZER_NUMBER_OBJECT_CONVERSION = YES_AGGRESSIVE;
				CLANG_CXX_LANGUAGE_STANDARD = "gnu++14";
				CLANG_CXX_LIBRARY = "libc++";
				CLANG_ENABLE_MODULES = YES;
				CLANG_ENABLE_OBJC_ARC = YES;
				CLANG_ENABLE_OBJC_WEAK = YES;
				CLANG_WARN_BLOCK_CAPTURE_AUTORELEASING = YES;
				CLANG_WARN_BOOL_CONVERSION = YES;
				CLANG_WARN_COMMA = YES;
				CLANG_WARN_CONSTANT_CONVERSION = YES;
				CLANG_WARN_DEPRECATED_OBJC_IMPLEMENTATIONS = YES;
				CLANG_WARN_DIRECT_OBJC_ISA_USAGE = YES_ERROR;
				CLANG_WARN_DOCUMENTATION_COMMENTS = YES;
				CLANG_WARN_EMPTY_BODY = YES;
				CLANG_WARN_ENUM_CONVERSION = YES;
				CLANG_WARN_INFINITE_RECURSION = YES;
				CLANG_WARN_INT_CONVERSION = YES;
				CLANG_WARN_NON_LITERAL_NULL_CONVERSION = YES;
				CLANG_WARN_OBJC_IMPLICIT_RETAIN_SELF = YES;
				CLANG_WARN_OBJC_LITERAL_CONVERSION = YES;
				CLANG_WARN_OBJC_ROOT_CLASS = YES_ERROR;
				CLANG_WARN_RANGE_LOOP_ANALYSIS = YES;
				CLANG_WARN_STRICT_PROTOTYPES = YES;
				CLANG_WARN_SUSPICIOUS_MOVE = YES;
				CLANG_WARN_UNGUARDED_AVAILABILITY = YES_AGGRESSIVE;
				CLANG_WARN_UNREACHABLE_CODE = YES;
				CLANG_WARN__DUPLICATE_METHOD_MATCH = YES;
				COPY_PHASE_STRIP = NO;
				DEBUG_INFORMATION_FORMAT = "dwarf-with-dsym";
				ENABLE_NS_ASSERTIONS = NO;
				ENABLE_STRICT_OBJC_MSGSEND = YES;
				GCC_C_LANGUAGE_STANDARD = gnu11;
				GCC_NO_COMMON_BLOCKS = YES;
				GCC_WARN_64_TO_32_BIT_CONVERSION = YES;
				GCC_WARN_ABOUT_RETURN_TYPE = YES_ERROR;
				GCC_WARN_UNDECLARED_SELECTOR = YES;
				GCC_WARN_UNINITIALIZED_AUTOS = YES_AGGRESSIVE;
				GCC_WARN_UNUSED_FUNCTION = YES;
				GCC_WARN_UNUSED_VARIABLE = YES;
				IPHONEOS_DEPLOYMENT_TARGET = 13.2;
				MTL_ENABLE_DEBUG_INFO = NO;
				MTL_FAST_MATH = YES;
				SDKROOT = iphoneos;
				SWIFT_COMPILATION_MODE = wholemodule;
				SWIFT_OPTIMIZATION_LEVEL = "-O";
				VALIDATE_PRODUCT = YES;
			};
			name = Release;
		};
		55F432FB23FB3A3000078FF6 /* Debug */ = {
			isa = XCBuildConfiguration;
			buildSettings = {
				ASSETCATALOG_COMPILER_APPICON_NAME = AppIcon;
				CODE_SIGN_STYLE = Automatic;
				INFOPLIST_FILE = UIApplications/Info.plist;
				LD_RUNPATH_SEARCH_PATHS = (
					"$(inherited)",
					"@executable_path/Frameworks",
				);
				PRODUCT_BUNDLE_IDENTIFIER = com.FelipeBastos.UIApplications;
				PRODUCT_NAME = "$(TARGET_NAME)";
				SWIFT_VERSION = 5.0;
				TARGETED_DEVICE_FAMILY = "1,2";
			};
			name = Debug;
		};
		55F432FC23FB3A3000078FF6 /* Release */ = {
			isa = XCBuildConfiguration;
			buildSettings = {
				ASSETCATALOG_COMPILER_APPICON_NAME = AppIcon;
				CODE_SIGN_STYLE = Automatic;
				INFOPLIST_FILE = UIApplications/Info.plist;
				LD_RUNPATH_SEARCH_PATHS = (
					"$(inherited)",
					"@executable_path/Frameworks",
				);
				PRODUCT_BUNDLE_IDENTIFIER = com.FelipeBastos.UIApplications;
				PRODUCT_NAME = "$(TARGET_NAME)";
				SWIFT_VERSION = 5.0;
				TARGETED_DEVICE_FAMILY = "1,2";
			};
			name = Release;
		};
/* End XCBuildConfiguration section */

/* Begin XCConfigurationList section */
		55F432E123FB3A2E00078FF6 /* Build configuration list for PBXProject "UIApplications" */ = {
			isa = XCConfigurationList;
			buildConfigurations = (
				55F432F823FB3A3000078FF6 /* Debug */,
				55F432F923FB3A3000078FF6 /* Release */,
			);
			defaultConfigurationIsVisible = 0;
			defaultConfigurationName = Release;
		};
		55F432FA23FB3A3000078FF6 /* Build configuration list for PBXNativeTarget "UIApplications" */ = {
			isa = XCConfigurationList;
			buildConfigurations = (
				55F432FB23FB3A3000078FF6 /* Debug */,
				55F432FC23FB3A3000078FF6 /* Release */,
			);
			defaultConfigurationIsVisible = 0;
			defaultConfigurationName = Release;
		};
/* End XCConfigurationList section */
	};
	rootObject = 55F432DE23FB3A2E00078FF6 /* Project object */;
}
